# THIS IS AN AUTOGENERATED FILE. DO NOT EDIT THIS FILE DIRECTLY.
# yarn lockfile v1


"@msgpack/msgpack@^2.7.1":
  version "2.7.1"
  resolved "https://registry.yarnpkg.com/@msgpack/msgpack/-/msgpack-2.7.1.tgz#f01954baadc502f3c82e9c3f72c740ce65eae1cc"
  integrity sha512-ApwiSL2c9ObewdOE/sqt788P1C5lomBOHyO8nUBCr4ofErBCnYQ003NtJ8lS9OQZc11ximkbmgAZJjB8y6cCdA==

"@types/node@^16.11.7":
  version "16.11.7"
  resolved "https://registry.yarnpkg.com/@types/node/-/node-16.11.7.tgz#36820945061326978c42a01e56b61cd223dfdc42"
  integrity sha512-QB5D2sqfSjCmTuWcBWyJ+/44bcjO7VbjSbOE0ucoVbAsSNQc4Lt6QkgkVXkTDwkL4z/beecZNDvVX15D4P8Jbw==

bn.js@^5.0.0:
  version "5.2.0"
  resolved "https://registry.yarnpkg.com/bn.js/-/bn.js-5.2.0.tgz#358860674396c6997771a9d051fcc1b57d4ae002"
  integrity sha512-D7iWRBvnZE8ecXiLj/9wbxH7Tk79fAh8IHaTNq1RWRixsS02W+5qS+iE9yq6RYl0asXx5tw0bLhmT5pIfbSquw==

buffer-pipe@0.0.3:
  version "0.0.3"
  resolved "https://registry.yarnpkg.com/buffer-pipe/-/buffer-pipe-0.0.3.tgz#242197681d4591e7feda213336af6c07a5ce2409"
  integrity sha512-GlxfuD/NrKvCNs0Ut+7b1IHjylfdegMBxQIlZHj7bObKVQBxB5S84gtm2yu1mQ8/sSggceWBDPY0cPXgvX2MuA==
  dependencies:
    safe-buffer "^5.1.2"

leb128@^0.0.5:
  version "0.0.5"
  resolved "https://registry.yarnpkg.com/leb128/-/leb128-0.0.5.tgz#84524a86ef7799fb3933ce41345f6490e27ac948"
  integrity sha512-elbNtfmu3GndZbesVF6+iQAfVjOXW9bM/aax9WwMlABZW+oK9sbAZEXoewaPHmL34sxa8kVwWsru8cNE/yn2gg==
  dependencies:
    bn.js "^5.0.0"
    buffer-pipe "0.0.3"

safe-buffer@^5.1.2:
  version "5.2.1"
  resolved "https://registry.yarnpkg.com/safe-buffer/-/safe-buffer-5.2.1.tgz#1eaf9fa9bdb1fdd4ec75f58f9cdb4e6b7827eec6"
  integrity sha512-rp3So07KcdmmKbGvgaNxQSJr7bGVSVk5S9Eq1F+ppbRo70+YeaDxkw5Dd8NPN+GD6bjnYm2VuPuCXmpuYvmCXQ==

typescript@^4.4.4:
  version "4.4.4"
  resolved "https://registry.yarnpkg.com/typescript/-/typescript-4.4.4.tgz#2cd01a1a1f160704d3101fd5a58ff0f9fcb8030c"
  integrity sha512-DqGhF5IKoBl8WNf8C1gu8q0xZSInh9j1kJJMqT3a94w1JzVaBU4EXOSMrz9yDqMT0xt3selp83fuFMQ0uzv6qA==
