# THIS IS AN AUTOGENERATED FILE. DO NOT EDIT THIS FILE DIRECTLY.
# yarn lockfile v1


"@cadmium-images/rpc@^1.0.4":
  version "1.0.5"
  resolved "https://gitlab.com/api/v4/projects/31390055/packages/npm/@cadmium-images/rpc/-/@cadmium-images/rpc-1.0.5.tgz#5bec194e6ecdfc38dc762036d616ef4722e314cb"
  integrity sha1-W+wZTm7N/DjcdiA21hbvRyLjFMs=
  dependencies:
    leb128 "^0.0.5"

"@prisma/client@^3.5.0":
  version "3.5.0"
  resolved "https://registry.yarnpkg.com/@prisma/client/-/client-3.5.0.tgz#bb0c9c10fd9912209f5bfd01c1683094d8fa9a2d"
  integrity sha512-LuaaisknLe9CCfJ1Rtqe9b9knvPgEEcC77OMmWdo3fSanxl5oTDxcH3IIhpULQQlJfZvDcaEXuXNU4dsNF+q1w==
  dependencies:
    "@prisma/engines-version" "3.5.0-38.78a5df6def6943431f4c022e1428dbc3e833cf8e"

"@prisma/engines-version@3.5.0-38.78a5df6def6943431f4c022e1428dbc3e833cf8e":
  version "3.5.0-38.78a5df6def6943431f4c022e1428dbc3e833cf8e"
  resolved "https://registry.yarnpkg.com/@prisma/engines-version/-/engines-version-3.5.0-38.78a5df6def6943431f4c022e1428dbc3e833cf8e.tgz#254fdb80ae6db397ee1e638d12561f35d058e340"
  integrity sha512-X16YmBmj7Omso4ZbkNBe6gPYlNcnwZMUPtXsguCkn+KoMqm3DJD9M4X31gx0Gf13Q44dY3SKPJZUk44/XUj/WA==

"@types/node@^16.11.9":
  version "16.11.9"
  resolved "https://registry.yarnpkg.com/@types/node/-/node-16.11.9.tgz#879be3ad7af29f4c1a5c433421bf99fab7047185"
  integrity sha512-MKmdASMf3LtPzwLyRrFjtFFZ48cMf8jmX5VRYrDQiJa8Ybu5VAmkqBWqKU8fdCwD8ysw4mQ9nrEHvzg6gunR7A==

"@types/uuid@^8.3.3":
  version "8.3.3"
  resolved "https://registry.yarnpkg.com/@types/uuid/-/uuid-8.3.3.tgz#c6a60686d953dbd1b1d45e66f4ecdbd5d471b4d0"
  integrity sha512-0LbEEx1zxrYB3pgpd1M5lEhLcXjKJnYghvhTRgaBeUivLHMDM1TzF3IJ6hXU2+8uA4Xz+5BA63mtZo5DjVT8iA==

bn.js@^5.0.0:
  version "5.2.0"
  resolved "https://registry.yarnpkg.com/bn.js/-/bn.js-5.2.0.tgz#358860674396c6997771a9d051fcc1b57d4ae002"
  integrity sha512-D7iWRBvnZE8ecXiLj/9wbxH7Tk79fAh8IHaTNq1RWRixsS02W+5qS+iE9yq6RYl0asXx5tw0bLhmT5pIfbSquw==

buffer-pipe@0.0.3:
  version "0.0.3"
  resolved "https://registry.yarnpkg.com/buffer-pipe/-/buffer-pipe-0.0.3.tgz#242197681d4591e7feda213336af6c07a5ce2409"
  integrity sha512-GlxfuD/NrKvCNs0Ut+7b1IHjylfdegMBxQIlZHj7bObKVQBxB5S84gtm2yu1mQ8/sSggceWBDPY0cPXgvX2MuA==
  dependencies:
    safe-buffer "^5.1.2"

dotenv@^10.0.0:
  version "10.0.0"
  resolved "https://registry.yarnpkg.com/dotenv/-/dotenv-10.0.0.tgz#3d4227b8fb95f81096cdd2b66653fb2c7085ba81"
  integrity sha512-rlBi9d8jpv9Sf1klPjNfFAuWDjKLwTIJJ/VxtoTwIR6hnZxcEOQCZg2oIL3MWBYw5GpUDKOEnND7LXTbIpQ03Q==

leb128@^0.0.5:
  version "0.0.5"
  resolved "https://registry.yarnpkg.com/leb128/-/leb128-0.0.5.tgz#84524a86ef7799fb3933ce41345f6490e27ac948"
  integrity sha512-elbNtfmu3GndZbesVF6+iQAfVjOXW9bM/aax9WwMlABZW+oK9sbAZEXoewaPHmL34sxa8kVwWsru8cNE/yn2gg==
  dependencies:
    bn.js "^5.0.0"
    buffer-pipe "0.0.3"

safe-buffer@^5.1.2:
  version "5.2.1"
  resolved "https://registry.yarnpkg.com/safe-buffer/-/safe-buffer-5.2.1.tgz#1eaf9fa9bdb1fdd4ec75f58f9cdb4e6b7827eec6"
  integrity sha512-rp3So07KcdmmKbGvgaNxQSJr7bGVSVk5S9Eq1F+ppbRo70+YeaDxkw5Dd8NPN+GD6bjnYm2VuPuCXmpuYvmCXQ==

typescript@^4.5.2:
  version "4.5.2"
  resolved "https://registry.yarnpkg.com/typescript/-/typescript-4.5.2.tgz#8ac1fba9f52256fdb06fb89e4122fa6a346c2998"
  integrity sha512-5BlMof9H1yGt0P8/WF+wPNw6GfctgGjXp5hkblpyT+8rkASSmkUKMXrxR0Xg8ThVCi/JnHQiKXeBaEwCeQwMFw==

uuid@^8.3.2:
  version "8.3.2"
  resolved "https://registry.yarnpkg.com/uuid/-/uuid-8.3.2.tgz#80d5b5ced271bb9af6c445f21a1a04c606cefbe2"
  integrity sha512-+NYs2QeMWy+GWFOEm9xnn6HCDp0l7QBD7ml8zLUmJ+93Q5NF0NocErnwkTkXVFNiX3/fpC6afS8Dhb/gz7R7eg==
